
Microsoft Visual Studio Solution File, Format Version 12.00
# Visual Studio Version 16
VisualStudioVersion = 16.0.30611.23
MinimumVisualStudioVersion = 10.0.40219.1
Project("{2150E333-8FDC-42A3-9474-1A3956D46DE8}") = "Solid Princip", "Solid Princip", "{A8FC6FCC-1C4E-43D0-88B0-FC6FE436805E}"
EndProject
Project("{9A19103F-16F7-4668-BE54-9A1E7A4F7556}") = "Part1_SingleReponsibilityPrinciple", "Part1_SingleReponsibilityPrinciple\Part1_SingleReponsibilityPrinciple.csproj", "{A3431D39-0FC0-4A43-9577-0D8D3B1CD53B}"
EndProject
Project("{9A19103F-16F7-4668-BE54-9A1E7A4F7556}") = "Part2_OpenClosedPrinciple", "Part2_OpenClosedPrinciple\Part2_OpenClosedPrinciple.csproj", "{7CF3BE4B-1597-46BB-AC64-EF5C99B738C2}"
EndProject
Project("{9A19103F-16F7-4668-BE54-9A1E7A4F7556}") = "Part3_Liskov_Substitution_Principle_LSP", "Part3_Liskov_Substitution_Principle_LSP\Part3_Liskov_Substitution_Principle_LSP.csproj", "{39AC80B0-3755-4727-BF7C-21F472A3FC5E}"
EndProject
Project("{9A19103F-16F7-4668-BE54-9A1E7A4F7556}") = "Part4_Interface_Segregation_Principle_ISP", "Part4_Interface_Segregation_Principle_ISP\Part4_Interface_Segregation_Principle_ISP.csproj", "{080B8037-722C-4493-8BD3-B99928EF9BC3}"
EndProject
Project("{9A19103F-16F7-4668-BE54-9A1E7A4F7556}") = "Part5_DependencyInjections", "Part5_DependencyInjections\Part5_DependencyInjections.csproj", "{CC6A9E8A-A8E7-496E-9C61-54608D40927C}"
EndProject
Project("{2150E333-8FDC-42A3-9474-1A3956D46DE8}") = "DependencyInjections", "DependencyInjections", "{F0C042AC-19B0-40BC-AA7B-F86E1202DE1C}"
EndProject
Project("{9A19103F-16F7-4668-BE54-9A1E7A4F7556}") = "BusinessLogicWithDependencyInjection", "AppWithDependencyInjection\BusinessLogicWithDependencyInjection.csproj", "{D0988B50-0F95-4533-A188-FA928CB6F651}"
EndProject
Project("{9A19103F-16F7-4668-BE54-9A1E7A4F7556}") = "BusinessLogicWithDependencyInjection.Contracts", "AppWithDependencyInjection.Contracts\BusinessLogicWithDependencyInjection.Contracts.csproj", "{9C3B65A7-C706-4EC7-BB7A-D5715F5A759A}"
EndProject
Project("{9A19103F-16F7-4668-BE54-9A1E7A4F7556}") = "Entities", "Entities\Entities.csproj", "{3B951A39-2CFF-4E38-8F9E-65DAE4D6B60A}"
EndProject
Project("{9A19103F-16F7-4668-BE54-9A1E7A4F7556}") = "Entities.Contracts", "Entities.Contracts\Entities.Contracts.csproj", "{41EE7543-34AB-41B1-8387-8FB5465B9404}"
EndProject
Project("{9A19103F-16F7-4668-BE54-9A1E7A4F7556}") = "MyApp", "MyApp\MyApp.csproj", "{FDE87796-0E56-4866-A776-05BCF42438B1}"
EndProject
Project("{2150E333-8FDC-42A3-9474-1A3956D46DE8}") = "DesignPatterns", "DesignPatterns", "{A24EAAF8-E00A-41C0-AA67-E2E4D5947382}"
EndProject
Project("{2150E333-8FDC-42A3-9474-1A3956D46DE8}") = "Solution Items", "Solution Items", "{B743F932-A8DD-4E81-9988-276DCB10DF3C}"
	ProjectSection(SolutionItems) = preProject
		Agenda.txt = Agenda.txt
	EndProjectSection
EndProject
Project("{2150E333-8FDC-42A3-9474-1A3956D46DE8}") = "Inversion of Control", "Inversion of Control", "{463A026A-7782-4B2E-854B-C5EBB1E43E24}"
EndProject
Project("{FAE04EC0-301F-11D3-BF4B-00C04F79EFBC}") = "SingletonSample", "SingletonSample\SingletonSample.csproj", "{87629E77-E12F-409E-B890-153298665F00}"
EndProject
Project("{FAE04EC0-301F-11D3-BF4B-00C04F79EFBC}") = "BuilderPattern", "BuilderPattern\BuilderPattern.csproj", "{9207D88B-B9F7-40FF-8ED8-B5F54D769344}"
EndProject
Project("{FAE04EC0-301F-11D3-BF4B-00C04F79EFBC}") = "BuilderPattern_with_abstract_Class", "BuilderPattern_with_abstract_Class\BuilderPattern_with_abstract_Class.csproj", "{A309494C-5750-4007-A4F6-BF3E29AC9433}"
EndProject
Project("{9A19103F-16F7-4668-BE54-9A1E7A4F7556}") = "BuilderDesignPatternVSFluentBuilder", "BuilderDesignPatternVSFluentBuilder\BuilderDesignPatternVSFluentBuilder.csproj", "{ECDE3068-15BB-4A84-854F-CF5EB1668493}"
EndProject
Project("{FAE04EC0-301F-11D3-BF4B-00C04F79EFBC}") = "FactoryMethodPattern", "FactoryMethod\FactoryMethodPattern.csproj", "{C9C96AF2-9B14-4F13-9664-B6E4AA9ED76D}"
EndProject
Project("{9A19103F-16F7-4668-BE54-9A1E7A4F7556}") = "AbstractFactoryMethodSample", "AbstractFactoryMethodSample\AbstractFactoryMethodSample.csproj", "{A2FB1E39-A8C4-4771-8DC7-E6063EA61FF3}"
EndProject
Project("{FAE04EC0-301F-11D3-BF4B-00C04F79EFBC}") = "AbstractFactoryPattern", "AbstractFactoryPattern\AbstractFactoryPattern.csproj", "{294C8409-1203-44AA-8360-B4DE5B8382EE}"
EndProject
Project("{FAE04EC0-301F-11D3-BF4B-00C04F79EFBC}") = "SimpleFactoryPattern", "SimpleFactoryPattern\SimpleFactoryPattern.csproj", "{9B255EFB-92B2-4CCC-8A43-00BD70EC5EF5}"
EndProject
Project("{2150E333-8FDC-42A3-9474-1A3956D46DE8}") = "Überblick Aufbau ASPNETCore WebProjekte", "Überblick Aufbau ASPNETCore WebProjekte", "{8DB24E8C-57EB-4E96-A7B3-27312671B25B}"
EndProject
Project("{2150E333-8FDC-42A3-9474-1A3956D46DE8}") = "Überblick Aufbau von WebForms", "Überblick Aufbau von WebForms", "{9AA7B030-5069-4FA1-8DEC-C6A1B899E461}"
EndProject
Project("{FAE04EC0-301F-11D3-BF4B-00C04F79EFBC}") = "WebForm_Overview", "WebForm_Overview\WebForm_Overview.csproj", "{C4DEC275-1211-43F4-93B5-3D00B072743C}"
EndProject
Project("{FAE04EC0-301F-11D3-BF4B-00C04F79EFBC}") = "WinFormsMVP", "..\winforms-mvp\WinFormsMVP\WinFormsMVP\WinFormsMVP.csproj", "{1B33C9F4-C37B-49C2-91D4-8A6919D466F8}"
EndProject
Project("{FAE04EC0-301F-11D3-BF4B-00C04F79EFBC}") = "RazorPagesOverview", "RazorPagesOverview\RazorPagesOverview.csproj", "{DF84346F-2892-45DA-AE36-3F550487B5A1}"
EndProject
Project("{FAE04EC0-301F-11D3-BF4B-00C04F79EFBC}") = "AspNetCore_MVCOverview", "AspNetCore_MVCOverview\AspNetCore_MVCOverview.csproj", "{C1370774-ABB9-4614-BBBA-FF891C385BBF}"
EndProject
Project("{FAE04EC0-301F-11D3-BF4B-00C04F79EFBC}") = "WebAPI_Overview", "WebAPI_Overview\WebAPI_Overview.csproj", "{5B95CE7D-CA71-47BC-8A80-BD4C165C558D}"
EndProject
Project("{2150E333-8FDC-42A3-9474-1A3956D46DE8}") = "Entity Framework", "Entity Framework", "{45FEBE85-60A8-4968-8E95-1202326F111D}"
EndProject
Project("{2150E333-8FDC-42A3-9474-1A3956D46DE8}") = "DatabaseFirst", "DatabaseFirst", "{9DE02DB1-2A40-4C47-932E-A18A17FC6DD7}"
EndProject
Project("{2150E333-8FDC-42A3-9474-1A3956D46DE8}") = "CodeFirst", "CodeFirst", "{993C7746-F094-468A-8F18-8575CC5FB583}"
EndProject
Project("{FAE04EC0-301F-11D3-BF4B-00C04F79EFBC}") = "DatabaseFirstMitNet472", "DatabaseFirstMitNet472\DatabaseFirstMitNet472.csproj", "{1C2C8B5C-C89E-4DC3-83E0-90497A3B85E3}"
EndProject
Project("{FAE04EC0-301F-11D3-BF4B-00C04F79EFBC}") = "CodeFirstSample", "CodeFirstSample\CodeFirstSample.csproj", "{31D5E0E2-01FC-457C-8930-681E43AF88EF}"
EndProject
Project("{FAE04EC0-301F-11D3-BF4B-00C04F79EFBC}") = "CodeFirst_Reverse", "CodeFirst_Reverse\CodeFirst_Reverse.csproj", "{C7BA1BFF-ABC4-4436-B13C-E53050B571BF}"
EndProject
Project("{FAE04EC0-301F-11D3-BF4B-00C04F79EFBC}") = "CodeFirst_ReverseSample", "CodeFirst_ReverseSample\CodeFirst_ReverseSample.csproj", "{4FC59CF9-0A1C-45A5-A3DE-FA7183DB13C1}"
EndProject
Project("{FAE04EC0-301F-11D3-BF4B-00C04F79EFBC}") = "CodeFirstMitRazorPages", "CodeFirstMitRazorPages\CodeFirstMitRazorPages.csproj", "{ED969519-9D6E-4BA9-8E50-4C2D2CC6E537}"
EndProject
Project("{2150E333-8FDC-42A3-9474-1A3956D46DE8}") = "RepositorySample", "RepositorySample", "{1C5417E8-6153-4997-994A-0BB42C5F7351}"
EndProject
Project("{FAE04EC0-301F-11D3-BF4B-00C04F79EFBC}") = "GenericGepositorySample", "GenericGepositorySample\GenericGepositorySample.csproj", "{0562C947-43AE-4044-B8E2-72BFADDED934}"
EndProject
Project("{FAE04EC0-301F-11D3-BF4B-00C04F79EFBC}") = "EFRepository", "EFRepository\EFRepository.csproj", "{850C6A53-D7C2-4D2B-BF4F-7C7EDAABB54F}"
EndProject
Global
	GlobalSection(SolutionConfigurationPlatforms) = preSolution
		Debug|Any CPU = Debug|Any CPU
		Debug|x86 = Debug|x86
		Release|Any CPU = Release|Any CPU
		Release|x86 = Release|x86
	EndGlobalSection
	GlobalSection(ProjectConfigurationPlatforms) = postSolution
		{A3431D39-0FC0-4A43-9577-0D8D3B1CD53B}.Debug|Any CPU.ActiveCfg = Debug|Any CPU
		{A3431D39-0FC0-4A43-9577-0D8D3B1CD53B}.Debug|Any CPU.Build.0 = Debug|Any CPU
		{A3431D39-0FC0-4A43-9577-0D8D3B1CD53B}.Debug|x86.ActiveCfg = Debug|Any CPU
		{A3431D39-0FC0-4A43-9577-0D8D3B1CD53B}.Debug|x86.Build.0 = Debug|Any CPU
		{A3431D39-0FC0-4A43-9577-0D8D3B1CD53B}.Release|Any CPU.ActiveCfg = Release|Any CPU
		{A3431D39-0FC0-4A43-9577-0D8D3B1CD53B}.Release|Any CPU.Build.0 = Release|Any CPU
		{A3431D39-0FC0-4A43-9577-0D8D3B1CD53B}.Release|x86.ActiveCfg = Release|Any CPU
		{A3431D39-0FC0-4A43-9577-0D8D3B1CD53B}.Release|x86.Build.0 = Release|Any CPU
		{7CF3BE4B-1597-46BB-AC64-EF5C99B738C2}.Debug|Any CPU.ActiveCfg = Debug|Any CPU
		{7CF3BE4B-1597-46BB-AC64-EF5C99B738C2}.Debug|Any CPU.Build.0 = Debug|Any CPU
		{7CF3BE4B-1597-46BB-AC64-EF5C99B738C2}.Debug|x86.ActiveCfg = Debug|Any CPU
		{7CF3BE4B-1597-46BB-AC64-EF5C99B738C2}.Debug|x86.Build.0 = Debug|Any CPU
		{7CF3BE4B-1597-46BB-AC64-EF5C99B738C2}.Release|Any CPU.ActiveCfg = Release|Any CPU
		{7CF3BE4B-1597-46BB-AC64-EF5C99B738C2}.Release|Any CPU.Build.0 = Release|Any CPU
		{7CF3BE4B-1597-46BB-AC64-EF5C99B738C2}.Release|x86.ActiveCfg = Release|Any CPU
		{7CF3BE4B-1597-46BB-AC64-EF5C99B738C2}.Release|x86.Build.0 = Release|Any CPU
		{39AC80B0-3755-4727-BF7C-21F472A3FC5E}.Debug|Any CPU.ActiveCfg = Debug|Any CPU
		{39AC80B0-3755-4727-BF7C-21F472A3FC5E}.Debug|Any CPU.Build.0 = Debug|Any CPU
		{39AC80B0-3755-4727-BF7C-21F472A3FC5E}.Debug|x86.ActiveCfg = Debug|Any CPU
		{39AC80B0-3755-4727-BF7C-21F472A3FC5E}.Debug|x86.Build.0 = Debug|Any CPU
		{39AC80B0-3755-4727-BF7C-21F472A3FC5E}.Release|Any CPU.ActiveCfg = Release|Any CPU
		{39AC80B0-3755-4727-BF7C-21F472A3FC5E}.Release|Any CPU.Build.0 = Release|Any CPU
		{39AC80B0-3755-4727-BF7C-21F472A3FC5E}.Release|x86.ActiveCfg = Release|Any CPU
		{39AC80B0-3755-4727-BF7C-21F472A3FC5E}.Release|x86.Build.0 = Release|Any CPU
		{080B8037-722C-4493-8BD3-B99928EF9BC3}.Debug|Any CPU.ActiveCfg = Debug|Any CPU
		{080B8037-722C-4493-8BD3-B99928EF9BC3}.Debug|Any CPU.Build.0 = Debug|Any CPU
		{080B8037-722C-4493-8BD3-B99928EF9BC3}.Debug|x86.ActiveCfg = Debug|Any CPU
		{080B8037-722C-4493-8BD3-B99928EF9BC3}.Debug|x86.Build.0 = Debug|Any CPU
		{080B8037-722C-4493-8BD3-B99928EF9BC3}.Release|Any CPU.ActiveCfg = Release|Any CPU
		{080B8037-722C-4493-8BD3-B99928EF9BC3}.Release|Any CPU.Build.0 = Release|Any CPU
		{080B8037-722C-4493-8BD3-B99928EF9BC3}.Release|x86.ActiveCfg = Release|Any CPU
		{080B8037-722C-4493-8BD3-B99928EF9BC3}.Release|x86.Build.0 = Release|Any CPU
		{CC6A9E8A-A8E7-496E-9C61-54608D40927C}.Debug|Any CPU.ActiveCfg = Debug|Any CPU
		{CC6A9E8A-A8E7-496E-9C61-54608D40927C}.Debug|Any CPU.Build.0 = Debug|Any CPU
		{CC6A9E8A-A8E7-496E-9C61-54608D40927C}.Debug|x86.ActiveCfg = Debug|Any CPU
		{CC6A9E8A-A8E7-496E-9C61-54608D40927C}.Debug|x86.Build.0 = Debug|Any CPU
		{CC6A9E8A-A8E7-496E-9C61-54608D40927C}.Release|Any CPU.ActiveCfg = Release|Any CPU
		{CC6A9E8A-A8E7-496E-9C61-54608D40927C}.Release|Any CPU.Build.0 = Release|Any CPU
		{CC6A9E8A-A8E7-496E-9C61-54608D40927C}.Release|x86.ActiveCfg = Release|Any CPU
		{CC6A9E8A-A8E7-496E-9C61-54608D40927C}.Release|x86.Build.0 = Release|Any CPU
		{D0988B50-0F95-4533-A188-FA928CB6F651}.Debug|Any CPU.ActiveCfg = Debug|Any CPU
		{D0988B50-0F95-4533-A188-FA928CB6F651}.Debug|Any CPU.Build.0 = Debug|Any CPU
		{D0988B50-0F95-4533-A188-FA928CB6F651}.Debug|x86.ActiveCfg = Debug|Any CPU
		{D0988B50-0F95-4533-A188-FA928CB6F651}.Debug|x86.Build.0 = Debug|Any CPU
		{D0988B50-0F95-4533-A188-FA928CB6F651}.Release|Any CPU.ActiveCfg = Release|Any CPU
		{D0988B50-0F95-4533-A188-FA928CB6F651}.Release|Any CPU.Build.0 = Release|Any CPU
		{D0988B50-0F95-4533-A188-FA928CB6F651}.Release|x86.ActiveCfg = Release|Any CPU
		{D0988B50-0F95-4533-A188-FA928CB6F651}.Release|x86.Build.0 = Release|Any CPU
		{9C3B65A7-C706-4EC7-BB7A-D5715F5A759A}.Debug|Any CPU.ActiveCfg = Debug|Any CPU
		{9C3B65A7-C706-4EC7-BB7A-D5715F5A759A}.Debug|Any CPU.Build.0 = Debug|Any CPU
		{9C3B65A7-C706-4EC7-BB7A-D5715F5A759A}.Debug|x86.ActiveCfg = Debug|Any CPU
		{9C3B65A7-C706-4EC7-BB7A-D5715F5A759A}.Debug|x86.Build.0 = Debug|Any CPU
		{9C3B65A7-C706-4EC7-BB7A-D5715F5A759A}.Release|Any CPU.ActiveCfg = Release|Any CPU
		{9C3B65A7-C706-4EC7-BB7A-D5715F5A759A}.Release|Any CPU.Build.0 = Release|Any CPU
		{9C3B65A7-C706-4EC7-BB7A-D5715F5A759A}.Release|x86.ActiveCfg = Release|Any CPU
		{9C3B65A7-C706-4EC7-BB7A-D5715F5A759A}.Release|x86.Build.0 = Release|Any CPU
		{3B951A39-2CFF-4E38-8F9E-65DAE4D6B60A}.Debug|Any CPU.ActiveCfg = Debug|Any CPU
		{3B951A39-2CFF-4E38-8F9E-65DAE4D6B60A}.Debug|Any CPU.Build.0 = Debug|Any CPU
		{3B951A39-2CFF-4E38-8F9E-65DAE4D6B60A}.Debug|x86.ActiveCfg = Debug|Any CPU
		{3B951A39-2CFF-4E38-8F9E-65DAE4D6B60A}.Debug|x86.Build.0 = Debug|Any CPU
		{3B951A39-2CFF-4E38-8F9E-65DAE4D6B60A}.Release|Any CPU.ActiveCfg = Release|Any CPU
		{3B951A39-2CFF-4E38-8F9E-65DAE4D6B60A}.Release|Any CPU.Build.0 = Release|Any CPU
		{3B951A39-2CFF-4E38-8F9E-65DAE4D6B60A}.Release|x86.ActiveCfg = Release|Any CPU
		{3B951A39-2CFF-4E38-8F9E-65DAE4D6B60A}.Release|x86.Build.0 = Release|Any CPU
		{41EE7543-34AB-41B1-8387-8FB5465B9404}.Debug|Any CPU.ActiveCfg = Debug|Any CPU
		{41EE7543-34AB-41B1-8387-8FB5465B9404}.Debug|Any CPU.Build.0 = Debug|Any CPU
		{41EE7543-34AB-41B1-8387-8FB5465B9404}.Debug|x86.ActiveCfg = Debug|Any CPU
		{41EE7543-34AB-41B1-8387-8FB5465B9404}.Debug|x86.Build.0 = Debug|Any CPU
		{41EE7543-34AB-41B1-8387-8FB5465B9404}.Release|Any CPU.ActiveCfg = Release|Any CPU
		{41EE7543-34AB-41B1-8387-8FB5465B9404}.Release|Any CPU.Build.0 = Release|Any CPU
		{41EE7543-34AB-41B1-8387-8FB5465B9404}.Release|x86.ActiveCfg = Release|Any CPU
		{41EE7543-34AB-41B1-8387-8FB5465B9404}.Release|x86.Build.0 = Release|Any CPU
		{FDE87796-0E56-4866-A776-05BCF42438B1}.Debug|Any CPU.ActiveCfg = Debug|Any CPU
		{FDE87796-0E56-4866-A776-05BCF42438B1}.Debug|Any CPU.Build.0 = Debug|Any CPU
		{FDE87796-0E56-4866-A776-05BCF42438B1}.Debug|x86.ActiveCfg = Debug|Any CPU
		{FDE87796-0E56-4866-A776-05BCF42438B1}.Debug|x86.Build.0 = Debug|Any CPU
		{FDE87796-0E56-4866-A776-05BCF42438B1}.Release|Any CPU.ActiveCfg = Release|Any CPU
		{FDE87796-0E56-4866-A776-05BCF42438B1}.Release|Any CPU.Build.0 = Release|Any CPU
		{FDE87796-0E56-4866-A776-05BCF42438B1}.Release|x86.ActiveCfg = Release|Any CPU
		{FDE87796-0E56-4866-A776-05BCF42438B1}.Release|x86.Build.0 = Release|Any CPU
		{87629E77-E12F-409E-B890-153298665F00}.Debug|Any CPU.ActiveCfg = Debug|Any CPU
		{87629E77-E12F-409E-B890-153298665F00}.Debug|Any CPU.Build.0 = Debug|Any CPU
		{87629E77-E12F-409E-B890-153298665F00}.Debug|x86.ActiveCfg = Debug|Any CPU
		{87629E77-E12F-409E-B890-153298665F00}.Debug|x86.Build.0 = Debug|Any CPU
		{87629E77-E12F-409E-B890-153298665F00}.Release|Any CPU.ActiveCfg = Release|Any CPU
		{87629E77-E12F-409E-B890-153298665F00}.Release|Any CPU.Build.0 = Release|Any CPU
		{87629E77-E12F-409E-B890-153298665F00}.Release|x86.ActiveCfg = Release|Any CPU
		{87629E77-E12F-409E-B890-153298665F00}.Release|x86.Build.0 = Release|Any CPU
		{9207D88B-B9F7-40FF-8ED8-B5F54D769344}.Debug|Any CPU.ActiveCfg = Debug|Any CPU
		{9207D88B-B9F7-40FF-8ED8-B5F54D769344}.Debug|Any CPU.Build.0 = Debug|Any CPU
		{9207D88B-B9F7-40FF-8ED8-B5F54D769344}.Debug|x86.ActiveCfg = Debug|Any CPU
		{9207D88B-B9F7-40FF-8ED8-B5F54D769344}.Debug|x86.Build.0 = Debug|Any CPU
		{9207D88B-B9F7-40FF-8ED8-B5F54D769344}.Release|Any CPU.ActiveCfg = Release|Any CPU
		{9207D88B-B9F7-40FF-8ED8-B5F54D769344}.Release|Any CPU.Build.0 = Release|Any CPU
		{9207D88B-B9F7-40FF-8ED8-B5F54D769344}.Release|x86.ActiveCfg = Release|Any CPU
		{9207D88B-B9F7-40FF-8ED8-B5F54D769344}.Release|x86.Build.0 = Release|Any CPU
		{A309494C-5750-4007-A4F6-BF3E29AC9433}.Debug|Any CPU.ActiveCfg = Debug|Any CPU
		{A309494C-5750-4007-A4F6-BF3E29AC9433}.Debug|Any CPU.Build.0 = Debug|Any CPU
		{A309494C-5750-4007-A4F6-BF3E29AC9433}.Debug|x86.ActiveCfg = Debug|Any CPU
		{A309494C-5750-4007-A4F6-BF3E29AC9433}.Debug|x86.Build.0 = Debug|Any CPU
		{A309494C-5750-4007-A4F6-BF3E29AC9433}.Release|Any CPU.ActiveCfg = Release|Any CPU
		{A309494C-5750-4007-A4F6-BF3E29AC9433}.Release|Any CPU.Build.0 = Release|Any CPU
		{A309494C-5750-4007-A4F6-BF3E29AC9433}.Release|x86.ActiveCfg = Release|Any CPU
		{A309494C-5750-4007-A4F6-BF3E29AC9433}.Release|x86.Build.0 = Release|Any CPU
		{ECDE3068-15BB-4A84-854F-CF5EB1668493}.Debug|Any CPU.ActiveCfg = Debug|Any CPU
		{ECDE3068-15BB-4A84-854F-CF5EB1668493}.Debug|Any CPU.Build.0 = Debug|Any CPU
		{ECDE3068-15BB-4A84-854F-CF5EB1668493}.Debug|x86.ActiveCfg = Debug|Any CPU
		{ECDE3068-15BB-4A84-854F-CF5EB1668493}.Debug|x86.Build.0 = Debug|Any CPU
		{ECDE3068-15BB-4A84-854F-CF5EB1668493}.Release|Any CPU.ActiveCfg = Release|Any CPU
		{ECDE3068-15BB-4A84-854F-CF5EB1668493}.Release|Any CPU.Build.0 = Release|Any CPU
		{ECDE3068-15BB-4A84-854F-CF5EB1668493}.Release|x86.ActiveCfg = Release|Any CPU
		{ECDE3068-15BB-4A84-854F-CF5EB1668493}.Release|x86.Build.0 = Release|Any CPU
		{C9C96AF2-9B14-4F13-9664-B6E4AA9ED76D}.Debug|Any CPU.ActiveCfg = Debug|Any CPU
		{C9C96AF2-9B14-4F13-9664-B6E4AA9ED76D}.Debug|Any CPU.Build.0 = Debug|Any CPU
		{C9C96AF2-9B14-4F13-9664-B6E4AA9ED76D}.Debug|x86.ActiveCfg = Debug|Any CPU
		{C9C96AF2-9B14-4F13-9664-B6E4AA9ED76D}.Debug|x86.Build.0 = Debug|Any CPU
		{C9C96AF2-9B14-4F13-9664-B6E4AA9ED76D}.Release|Any CPU.ActiveCfg = Release|Any CPU
		{C9C96AF2-9B14-4F13-9664-B6E4AA9ED76D}.Release|Any CPU.Build.0 = Release|Any CPU
		{C9C96AF2-9B14-4F13-9664-B6E4AA9ED76D}.Release|x86.ActiveCfg = Release|Any CPU
		{C9C96AF2-9B14-4F13-9664-B6E4AA9ED76D}.Release|x86.Build.0 = Release|Any CPU
		{A2FB1E39-A8C4-4771-8DC7-E6063EA61FF3}.Debug|Any CPU.ActiveCfg = Debug|Any CPU
		{A2FB1E39-A8C4-4771-8DC7-E6063EA61FF3}.Debug|Any CPU.Build.0 = Debug|Any CPU
		{A2FB1E39-A8C4-4771-8DC7-E6063EA61FF3}.Debug|x86.ActiveCfg = Debug|Any CPU
		{A2FB1E39-A8C4-4771-8DC7-E6063EA61FF3}.Debug|x86.Build.0 = Debug|Any CPU
		{A2FB1E39-A8C4-4771-8DC7-E6063EA61FF3}.Release|Any CPU.ActiveCfg = Release|Any CPU
		{A2FB1E39-A8C4-4771-8DC7-E6063EA61FF3}.Release|Any CPU.Build.0 = Release|Any CPU
		{A2FB1E39-A8C4-4771-8DC7-E6063EA61FF3}.Release|x86.ActiveCfg = Release|Any CPU
		{A2FB1E39-A8C4-4771-8DC7-E6063EA61FF3}.Release|x86.Build.0 = Release|Any CPU
		{294C8409-1203-44AA-8360-B4DE5B8382EE}.Debug|Any CPU.ActiveCfg = Debug|Any CPU
		{294C8409-1203-44AA-8360-B4DE5B8382EE}.Debug|Any CPU.Build.0 = Debug|Any CPU
		{294C8409-1203-44AA-8360-B4DE5B8382EE}.Debug|x86.ActiveCfg = Debug|Any CPU
		{294C8409-1203-44AA-8360-B4DE5B8382EE}.Debug|x86.Build.0 = Debug|Any CPU
		{294C8409-1203-44AA-8360-B4DE5B8382EE}.Release|Any CPU.ActiveCfg = Release|Any CPU
		{294C8409-1203-44AA-8360-B4DE5B8382EE}.Release|Any CPU.Build.0 = Release|Any CPU
		{294C8409-1203-44AA-8360-B4DE5B8382EE}.Release|x86.ActiveCfg = Release|Any CPU
		{294C8409-1203-44AA-8360-B4DE5B8382EE}.Release|x86.Build.0 = Release|Any CPU
		{9B255EFB-92B2-4CCC-8A43-00BD70EC5EF5}.Debug|Any CPU.ActiveCfg = Debug|Any CPU
		{9B255EFB-92B2-4CCC-8A43-00BD70EC5EF5}.Debug|Any CPU.Build.0 = Debug|Any CPU
		{9B255EFB-92B2-4CCC-8A43-00BD70EC5EF5}.Debug|x86.ActiveCfg = Debug|Any CPU
		{9B255EFB-92B2-4CCC-8A43-00BD70EC5EF5}.Debug|x86.Build.0 = Debug|Any CPU
		{9B255EFB-92B2-4CCC-8A43-00BD70EC5EF5}.Release|Any CPU.ActiveCfg = Release|Any CPU
		{9B255EFB-92B2-4CCC-8A43-00BD70EC5EF5}.Release|Any CPU.Build.0 = Release|Any CPU
		{9B255EFB-92B2-4CCC-8A43-00BD70EC5EF5}.Release|x86.ActiveCfg = Release|Any CPU
		{9B255EFB-92B2-4CCC-8A43-00BD70EC5EF5}.Release|x86.Build.0 = Release|Any CPU
		{C4DEC275-1211-43F4-93B5-3D00B072743C}.Debug|Any CPU.ActiveCfg = Debug|Any CPU
		{C4DEC275-1211-43F4-93B5-3D00B072743C}.Debug|Any CPU.Build.0 = Debug|Any CPU
		{C4DEC275-1211-43F4-93B5-3D00B072743C}.Debug|x86.ActiveCfg = Debug|Any CPU
		{C4DEC275-1211-43F4-93B5-3D00B072743C}.Debug|x86.Build.0 = Debug|Any CPU
		{C4DEC275-1211-43F4-93B5-3D00B072743C}.Release|Any CPU.ActiveCfg = Release|Any CPU
		{C4DEC275-1211-43F4-93B5-3D00B072743C}.Release|Any CPU.Build.0 = Release|Any CPU
		{C4DEC275-1211-43F4-93B5-3D00B072743C}.Release|x86.ActiveCfg = Release|Any CPU
		{C4DEC275-1211-43F4-93B5-3D00B072743C}.Release|x86.Build.0 = Release|Any CPU
		{1B33C9F4-C37B-49C2-91D4-8A6919D466F8}.Debug|Any CPU.ActiveCfg = Debug|Any CPU
		{1B33C9F4-C37B-49C2-91D4-8A6919D466F8}.Debug|Any CPU.Build.0 = Debug|Any CPU
		{1B33C9F4-C37B-49C2-91D4-8A6919D466F8}.Debug|x86.ActiveCfg = Debug|x86
		{1B33C9F4-C37B-49C2-91D4-8A6919D466F8}.Debug|x86.Build.0 = Debug|x86
		{1B33C9F4-C37B-49C2-91D4-8A6919D466F8}.Release|Any CPU.ActiveCfg = Release|Any CPU
		{1B33C9F4-C37B-49C2-91D4-8A6919D466F8}.Release|Any CPU.Build.0 = Release|Any CPU
		{1B33C9F4-C37B-49C2-91D4-8A6919D466F8}.Release|x86.ActiveCfg = Release|x86
		{1B33C9F4-C37B-49C2-91D4-8A6919D466F8}.Release|x86.Build.0 = Release|x86
		{DF84346F-2892-45DA-AE36-3F550487B5A1}.Debug|Any CPU.ActiveCfg = Debug|Any CPU
		{DF84346F-2892-45DA-AE36-3F550487B5A1}.Debug|Any CPU.Build.0 = Debug|Any CPU
		{DF84346F-2892-45DA-AE36-3F550487B5A1}.Debug|x86.ActiveCfg = Debug|Any CPU
		{DF84346F-2892-45DA-AE36-3F550487B5A1}.Debug|x86.Build.0 = Debug|Any CPU
		{DF84346F-2892-45DA-AE36-3F550487B5A1}.Release|Any CPU.ActiveCfg = Release|Any CPU
		{DF84346F-2892-45DA-AE36-3F550487B5A1}.Release|Any CPU.Build.0 = Release|Any CPU
		{DF84346F-2892-45DA-AE36-3F550487B5A1}.Release|x86.ActiveCfg = Release|Any CPU
		{DF84346F-2892-45DA-AE36-3F550487B5A1}.Release|x86.Build.0 = Release|Any CPU
		{C1370774-ABB9-4614-BBBA-FF891C385BBF}.Debug|Any CPU.ActiveCfg = Debug|Any CPU
		{C1370774-ABB9-4614-BBBA-FF891C385BBF}.Debug|Any CPU.Build.0 = Debug|Any CPU
		{C1370774-ABB9-4614-BBBA-FF891C385BBF}.Debug|x86.ActiveCfg = Debug|Any CPU
		{C1370774-ABB9-4614-BBBA-FF891C385BBF}.Debug|x86.Build.0 = Debug|Any CPU
		{C1370774-ABB9-4614-BBBA-FF891C385BBF}.Release|Any CPU.ActiveCfg = Release|Any CPU
		{C1370774-ABB9-4614-BBBA-FF891C385BBF}.Release|Any CPU.Build.0 = Release|Any CPU
		{C1370774-ABB9-4614-BBBA-FF891C385BBF}.Release|x86.ActiveCfg = Release|Any CPU
		{C1370774-ABB9-4614-BBBA-FF891C385BBF}.Release|x86.Build.0 = Release|Any CPU
		{5B95CE7D-CA71-47BC-8A80-BD4C165C558D}.Debug|Any CPU.ActiveCfg = Debug|Any CPU
		{5B95CE7D-CA71-47BC-8A80-BD4C165C558D}.Debug|Any CPU.Build.0 = Debug|Any CPU
		{5B95CE7D-CA71-47BC-8A80-BD4C165C558D}.Debug|x86.ActiveCfg = Debug|Any CPU
		{5B95CE7D-CA71-47BC-8A80-BD4C165C558D}.Debug|x86.Build.0 = Debug|Any CPU
		{5B95CE7D-CA71-47BC-8A80-BD4C165C558D}.Release|Any CPU.ActiveCfg = Release|Any CPU
		{5B95CE7D-CA71-47BC-8A80-BD4C165C558D}.Release|Any CPU.Build.0 = Release|Any CPU
		{5B95CE7D-CA71-47BC-8A80-BD4C165C558D}.Release|x86.ActiveCfg = Release|Any CPU
		{5B95CE7D-CA71-47BC-8A80-BD4C165C558D}.Release|x86.Build.0 = Release|Any CPU
		{1C2C8B5C-C89E-4DC3-83E0-90497A3B85E3}.Debug|Any CPU.ActiveCfg = Debug|Any CPU
		{1C2C8B5C-C89E-4DC3-83E0-90497A3B85E3}.Debug|Any CPU.Build.0 = Debug|Any CPU
		{1C2C8B5C-C89E-4DC3-83E0-90497A3B85E3}.Debug|x86.ActiveCfg = Debug|Any CPU
		{1C2C8B5C-C89E-4DC3-83E0-90497A3B85E3}.Debug|x86.Build.0 = Debug|Any CPU
		{1C2C8B5C-C89E-4DC3-83E0-90497A3B85E3}.Release|Any CPU.ActiveCfg = Release|Any CPU
		{1C2C8B5C-C89E-4DC3-83E0-90497A3B85E3}.Release|Any CPU.Build.0 = Release|Any CPU
		{1C2C8B5C-C89E-4DC3-83E0-90497A3B85E3}.Release|x86.ActiveCfg = Release|Any CPU
		{1C2C8B5C-C89E-4DC3-83E0-90497A3B85E3}.Release|x86.Build.0 = Release|Any CPU
		{31D5E0E2-01FC-457C-8930-681E43AF88EF}.Debug|Any CPU.ActiveCfg = Debug|Any CPU
		{31D5E0E2-01FC-457C-8930-681E43AF88EF}.Debug|Any CPU.Build.0 = Debug|Any CPU
		{31D5E0E2-01FC-457C-8930-681E43AF88EF}.Debug|x86.ActiveCfg = Debug|Any CPU
		{31D5E0E2-01FC-457C-8930-681E43AF88EF}.Debug|x86.Build.0 = Debug|Any CPU
		{31D5E0E2-01FC-457C-8930-681E43AF88EF}.Release|Any CPU.ActiveCfg = Release|Any CPU
		{31D5E0E2-01FC-457C-8930-681E43AF88EF}.Release|Any CPU.Build.0 = Release|Any CPU
		{31D5E0E2-01FC-457C-8930-681E43AF88EF}.Release|x86.ActiveCfg = Release|Any CPU
		{31D5E0E2-01FC-457C-8930-681E43AF88EF}.Release|x86.Build.0 = Release|Any CPU
		{C7BA1BFF-ABC4-4436-B13C-E53050B571BF}.Debug|Any CPU.ActiveCfg = Debug|Any CPU
		{C7BA1BFF-ABC4-4436-B13C-E53050B571BF}.Debug|Any CPU.Build.0 = Debug|Any CPU
		{C7BA1BFF-ABC4-4436-B13C-E53050B571BF}.Debug|x86.ActiveCfg = Debug|Any CPU
		{C7BA1BFF-ABC4-4436-B13C-E53050B571BF}.Debug|x86.Build.0 = Debug|Any CPU
		{C7BA1BFF-ABC4-4436-B13C-E53050B571BF}.Release|Any CPU.ActiveCfg = Release|Any CPU
		{C7BA1BFF-ABC4-4436-B13C-E53050B571BF}.Release|Any CPU.Build.0 = Release|Any CPU
		{C7BA1BFF-ABC4-4436-B13C-E53050B571BF}.Release|x86.ActiveCfg = Release|Any CPU
		{C7BA1BFF-ABC4-4436-B13C-E53050B571BF}.Release|x86.Build.0 = Release|Any CPU
		{4FC59CF9-0A1C-45A5-A3DE-FA7183DB13C1}.Debug|Any CPU.ActiveCfg = Debug|Any CPU
		{4FC59CF9-0A1C-45A5-A3DE-FA7183DB13C1}.Debug|Any CPU.Build.0 = Debug|Any CPU
		{4FC59CF9-0A1C-45A5-A3DE-FA7183DB13C1}.Debug|x86.ActiveCfg = Debug|Any CPU
		{4FC59CF9-0A1C-45A5-A3DE-FA7183DB13C1}.Debug|x86.Build.0 = Debug|Any CPU
		{4FC59CF9-0A1C-45A5-A3DE-FA7183DB13C1}.Release|Any CPU.ActiveCfg = Release|Any CPU
		{4FC59CF9-0A1C-45A5-A3DE-FA7183DB13C1}.Release|Any CPU.Build.0 = Release|Any CPU
		{4FC59CF9-0A1C-45A5-A3DE-FA7183DB13C1}.Release|x86.ActiveCfg = Release|Any CPU
		{4FC59CF9-0A1C-45A5-A3DE-FA7183DB13C1}.Release|x86.Build.0 = Release|Any CPU
		{ED969519-9D6E-4BA9-8E50-4C2D2CC6E537}.Debug|Any CPU.ActiveCfg = Debug|Any CPU
		{ED969519-9D6E-4BA9-8E50-4C2D2CC6E537}.Debug|Any CPU.Build.0 = Debug|Any CPU
		{ED969519-9D6E-4BA9-8E50-4C2D2CC6E537}.Debug|x86.ActiveCfg = Debug|Any CPU
		{ED969519-9D6E-4BA9-8E50-4C2D2CC6E537}.Debug|x86.Build.0 = Debug|Any CPU
		{ED969519-9D6E-4BA9-8E50-4C2D2CC6E537}.Release|Any CPU.ActiveCfg = Release|Any CPU
		{ED969519-9D6E-4BA9-8E50-4C2D2CC6E537}.Release|Any CPU.Build.0 = Release|Any CPU
		{ED969519-9D6E-4BA9-8E50-4C2D2CC6E537}.Release|x86.ActiveCfg = Release|Any CPU
		{ED969519-9D6E-4BA9-8E50-4C2D2CC6E537}.Release|x86.Build.0 = Release|Any CPU
		{0562C947-43AE-4044-B8E2-72BFADDED934}.Debug|Any CPU.ActiveCfg = Debug|Any CPU
		{0562C947-43AE-4044-B8E2-72BFADDED934}.Debug|Any CPU.Build.0 = Debug|Any CPU
		{0562C947-43AE-4044-B8E2-72BFADDED934}.Debug|x86.ActiveCfg = Debug|Any CPU
		{0562C947-43AE-4044-B8E2-72BFADDED934}.Debug|x86.Build.0 = Debug|Any CPU
		{0562C947-43AE-4044-B8E2-72BFADDED934}.Release|Any CPU.ActiveCfg = Release|Any CPU
		{0562C947-43AE-4044-B8E2-72BFADDED934}.Release|Any CPU.Build.0 = Release|Any CPU
		{0562C947-43AE-4044-B8E2-72BFADDED934}.Release|x86.ActiveCfg = Release|Any CPU
		{0562C947-43AE-4044-B8E2-72BFADDED934}.Release|x86.Build.0 = Release|Any CPU
		{850C6A53-D7C2-4D2B-BF4F-7C7EDAABB54F}.Debug|Any CPU.ActiveCfg = Debug|Any CPU
		{850C6A53-D7C2-4D2B-BF4F-7C7EDAABB54F}.Debug|Any CPU.Build.0 = Debug|Any CPU
		{850C6A53-D7C2-4D2B-BF4F-7C7EDAABB54F}.Debug|x86.ActiveCfg = Debug|Any CPU
		{850C6A53-D7C2-4D2B-BF4F-7C7EDAABB54F}.Debug|x86.Build.0 = Debug|Any CPU
		{850C6A53-D7C2-4D2B-BF4F-7C7EDAABB54F}.Release|Any CPU.ActiveCfg = Release|Any CPU
		{850C6A53-D7C2-4D2B-BF4F-7C7EDAABB54F}.Release|Any CPU.Build.0 = Release|Any CPU
		{850C6A53-D7C2-4D2B-BF4F-7C7EDAABB54F}.Release|x86.ActiveCfg = Release|Any CPU
		{850C6A53-D7C2-4D2B-BF4F-7C7EDAABB54F}.Release|x86.Build.0 = Release|Any CPU
	EndGlobalSection
	GlobalSection(SolutionProperties) = preSolution
		HideSolutionNode = FALSE
	EndGlobalSection
	GlobalSection(NestedProjects) = preSolution
		{A3431D39-0FC0-4A43-9577-0D8D3B1CD53B} = {A8FC6FCC-1C4E-43D0-88B0-FC6FE436805E}
		{7CF3BE4B-1597-46BB-AC64-EF5C99B738C2} = {A8FC6FCC-1C4E-43D0-88B0-FC6FE436805E}
		{39AC80B0-3755-4727-BF7C-21F472A3FC5E} = {A8FC6FCC-1C4E-43D0-88B0-FC6FE436805E}
		{080B8037-722C-4493-8BD3-B99928EF9BC3} = {A8FC6FCC-1C4E-43D0-88B0-FC6FE436805E}
		{CC6A9E8A-A8E7-496E-9C61-54608D40927C} = {A8FC6FCC-1C4E-43D0-88B0-FC6FE436805E}
		{F0C042AC-19B0-40BC-AA7B-F86E1202DE1C} = {A8FC6FCC-1C4E-43D0-88B0-FC6FE436805E}
		{D0988B50-0F95-4533-A188-FA928CB6F651} = {F0C042AC-19B0-40BC-AA7B-F86E1202DE1C}
		{9C3B65A7-C706-4EC7-BB7A-D5715F5A759A} = {F0C042AC-19B0-40BC-AA7B-F86E1202DE1C}
		{3B951A39-2CFF-4E38-8F9E-65DAE4D6B60A} = {F0C042AC-19B0-40BC-AA7B-F86E1202DE1C}
		{41EE7543-34AB-41B1-8387-8FB5465B9404} = {F0C042AC-19B0-40BC-AA7B-F86E1202DE1C}
		{FDE87796-0E56-4866-A776-05BCF42438B1} = {F0C042AC-19B0-40BC-AA7B-F86E1202DE1C}
		{87629E77-E12F-409E-B890-153298665F00} = {A24EAAF8-E00A-41C0-AA67-E2E4D5947382}
		{9207D88B-B9F7-40FF-8ED8-B5F54D769344} = {A24EAAF8-E00A-41C0-AA67-E2E4D5947382}
		{A309494C-5750-4007-A4F6-BF3E29AC9433} = {A24EAAF8-E00A-41C0-AA67-E2E4D5947382}
		{ECDE3068-15BB-4A84-854F-CF5EB1668493} = {A24EAAF8-E00A-41C0-AA67-E2E4D5947382}
		{C9C96AF2-9B14-4F13-9664-B6E4AA9ED76D} = {A24EAAF8-E00A-41C0-AA67-E2E4D5947382}
		{A2FB1E39-A8C4-4771-8DC7-E6063EA61FF3} = {A24EAAF8-E00A-41C0-AA67-E2E4D5947382}
		{294C8409-1203-44AA-8360-B4DE5B8382EE} = {A24EAAF8-E00A-41C0-AA67-E2E4D5947382}
		{9B255EFB-92B2-4CCC-8A43-00BD70EC5EF5} = {A24EAAF8-E00A-41C0-AA67-E2E4D5947382}
		{C4DEC275-1211-43F4-93B5-3D00B072743C} = {9AA7B030-5069-4FA1-8DEC-C6A1B899E461}
		{DF84346F-2892-45DA-AE36-3F550487B5A1} = {8DB24E8C-57EB-4E96-A7B3-27312671B25B}
		{C1370774-ABB9-4614-BBBA-FF891C385BBF} = {8DB24E8C-57EB-4E96-A7B3-27312671B25B}
		{5B95CE7D-CA71-47BC-8A80-BD4C165C558D} = {8DB24E8C-57EB-4E96-A7B3-27312671B25B}
		{9DE02DB1-2A40-4C47-932E-A18A17FC6DD7} = {45FEBE85-60A8-4968-8E95-1202326F111D}
		{993C7746-F094-468A-8F18-8575CC5FB583} = {45FEBE85-60A8-4968-8E95-1202326F111D}
		{1C2C8B5C-C89E-4DC3-83E0-90497A3B85E3} = {9DE02DB1-2A40-4C47-932E-A18A17FC6DD7}
		{31D5E0E2-01FC-457C-8930-681E43AF88EF} = {993C7746-F094-468A-8F18-8575CC5FB583}
		{C7BA1BFF-ABC4-4436-B13C-E53050B571BF} = {993C7746-F094-468A-8F18-8575CC5FB583}
		{ED969519-9D6E-4BA9-8E50-4C2D2CC6E537} = {993C7746-F094-468A-8F18-8575CC5FB583}
		{0562C947-43AE-4044-B8E2-72BFADDED934} = {1C5417E8-6153-4997-994A-0BB42C5F7351}
		{850C6A53-D7C2-4D2B-BF4F-7C7EDAABB54F} = {1C5417E8-6153-4997-994A-0BB42C5F7351}
	EndGlobalSection
	GlobalSection(ExtensibilityGlobals) = postSolution
		SolutionGuid = {C350BBC4-F4DC-4F6E-951F-D78EAE83968E}
	EndGlobalSection
EndGlobal
