
Microsoft Visual Studio Solution File, Format Version 12.00
# Visual Studio Version 16
VisualStudioVersion = 16.0.30611.23
MinimumVisualStudioVersion = 10.0.40219.1
Project("{FAE04EC0-301F-11D3-BF4B-00C04F79EFBC}") = "CodeFirstReverseSample", "CodeFirstReverseSample\CodeFirstReverseSample.csproj", "{06A44F5B-4C90-4087-9609-CBA5949CE23F}"
EndProject
Project("{FAE04EC0-301F-11D3-BF4B-00C04F79EFBC}") = "NullableDataTypesSample", "NullableDataTypesSample\NullableDataTypesSample.csproj", "{427F4DD2-BA6D-42DA-A09C-A79698FD68CB}"
EndProject
Global
	GlobalSection(SolutionConfigurationPlatforms) = preSolution
		Debug|Any CPU = Debug|Any CPU
		Release|Any CPU = Release|Any CPU
	EndGlobalSection
	GlobalSection(ProjectConfigurationPlatforms) = postSolution
		{06A44F5B-4C90-4087-9609-CBA5949CE23F}.Debug|Any CPU.ActiveCfg = Debug|Any CPU
		{06A44F5B-4C90-4087-9609-CBA5949CE23F}.Debug|Any CPU.Build.0 = Debug|Any CPU
		{06A44F5B-4C90-4087-9609-CBA5949CE23F}.Release|Any CPU.ActiveCfg = Release|Any CPU
		{06A44F5B-4C90-4087-9609-CBA5949CE23F}.Release|Any CPU.Build.0 = Release|Any CPU
		{427F4DD2-BA6D-42DA-A09C-A79698FD68CB}.Debug|Any CPU.ActiveCfg = Debug|Any CPU
		{427F4DD2-BA6D-42DA-A09C-A79698FD68CB}.Debug|Any CPU.Build.0 = Debug|Any CPU
		{427F4DD2-BA6D-42DA-A09C-A79698FD68CB}.Release|Any CPU.ActiveCfg = Release|Any CPU
		{427F4DD2-BA6D-42DA-A09C-A79698FD68CB}.Release|Any CPU.Build.0 = Release|Any CPU
	EndGlobalSection
	GlobalSection(SolutionProperties) = preSolution
		HideSolutionNode = FALSE
	EndGlobalSection
	GlobalSection(ExtensibilityGlobals) = postSolution
		SolutionGuid = {C920F1EF-FE02-4709-858D-AE9A0C37D4BB}
	EndGlobalSection
EndGlobal
